
Microsoft Visual Studio Solution File, Format Version 12.00
# Visual Studio Version 17
VisualStudioVersion = 17.9.34622.214
MinimumVisualStudioVersion = 10.0.40219.1
Project("{FAE04EC0-301F-11D3-BF4B-00C04F79EFBC}") = "TalkBooksBlog", "TalkBooksBlog.csproj", "{B21C4858-DCD9-4E36-931F-C45A9D4ADFB0}"
EndProject
Global
	GlobalSection(SolutionConfigurationPlatforms) = preSolution
		Debug|Any CPU = Debug|Any CPU
		Release|Any CPU = Release|Any CPU
	EndGlobalSection
	GlobalSection(ProjectConfigurationPlatforms) = postSolution
		{B21C4858-DCD9-4E36-931F-C45A9D4ADFB0}.Debug|Any CPU.ActiveCfg = Debug|Any CPU
		{B21C4858-DCD9-4E36-931F-C45A9D4ADFB0}.Debug|Any CPU.Build.0 = Debug|Any CPU
		{B21C4858-DCD9-4E36-931F-C45A9D4ADFB0}.Release|Any CPU.ActiveCfg = Release|Any CPU
		{B21C4858-DCD9-4E36-931F-C45A9D4ADFB0}.Release|Any CPU.Build.0 = Release|Any CPU
	EndGlobalSection
	GlobalSection(SolutionProperties) = preSolution
		HideSolutionNode = FALSE
	EndGlobalSection
	GlobalSection(ExtensibilityGlobals) = postSolution
		SolutionGuid = {6765E5DE-EF8F-45D4-B70D-6B6793D66A55}
	EndGlobalSection
EndGlobal
